
Microsoft Visual Studio Solution File, Format Version 12.00
# Visual Studio 14
VisualStudioVersion = 14.0.25420.1
MinimumVisualStudioVersion = 10.0.40219.1
Project("{FAE04EC0-301F-11D3-BF4B-00C04F79EFBC}") = "CommonLib", "CommonLib\CommonLib.csproj", "{5A459387-02CA-473D-A1B0-285379A9B9C2}"
EndProject
Project("{FAE04EC0-301F-11D3-BF4B-00C04F79EFBC}") = "MarlonLab", "MarlonLab\MarlonLab.csproj", "{7806ECE0-7509-453F-8E86-EDFDB922DB95}"
EndProject
Project("{FAE04EC0-301F-11D3-BF4B-00C04F79EFBC}") = "MarlonCrawler", "MarlonCrawler\MarlonCrawler.csproj", "{3B087511-B6F1-49C0-A8C5-D3365D415090}"
EndProject
Global
	GlobalSection(SolutionConfigurationPlatforms) = preSolution
		Debug|Any CPU = Debug|Any CPU
		Release|Any CPU = Release|Any CPU
	EndGlobalSection
	GlobalSection(ProjectConfigurationPlatforms) = postSolution
		{5A459387-02CA-473D-A1B0-285379A9B9C2}.Debug|Any CPU.ActiveCfg = Debug|Any CPU
		{5A459387-02CA-473D-A1B0-285379A9B9C2}.Debug|Any CPU.Build.0 = Debug|Any CPU
		{5A459387-02CA-473D-A1B0-285379A9B9C2}.Release|Any CPU.ActiveCfg = Release|Any CPU
		{5A459387-02CA-473D-A1B0-285379A9B9C2}.Release|Any CPU.Build.0 = Release|Any CPU
		{7806ECE0-7509-453F-8E86-EDFDB922DB95}.Debug|Any CPU.ActiveCfg = Debug|Any CPU
		{7806ECE0-7509-453F-8E86-EDFDB922DB95}.Debug|Any CPU.Build.0 = Debug|Any CPU
		{7806ECE0-7509-453F-8E86-EDFDB922DB95}.Release|Any CPU.ActiveCfg = Release|Any CPU
		{7806ECE0-7509-453F-8E86-EDFDB922DB95}.Release|Any CPU.Build.0 = Release|Any CPU
		{3B087511-B6F1-49C0-A8C5-D3365D415090}.Debug|Any CPU.ActiveCfg = Debug|Any CPU
		{3B087511-B6F1-49C0-A8C5-D3365D415090}.Debug|Any CPU.Build.0 = Debug|Any CPU
		{3B087511-B6F1-49C0-A8C5-D3365D415090}.Release|Any CPU.ActiveCfg = Release|Any CPU
		{3B087511-B6F1-49C0-A8C5-D3365D415090}.Release|Any CPU.Build.0 = Release|Any CPU
	EndGlobalSection
	GlobalSection(SolutionProperties) = preSolution
		HideSolutionNode = FALSE
	EndGlobalSection
EndGlobal
